
Microsoft Visual Studio Solution File, Format Version 12.00
# Visual Studio Version 17
VisualStudioVersion = 17.0.31903.59
MinimumVisualStudioVersion = 10.0.40219.1
Project("{2150E333-8FDC-42A3-9474-1A3956D46DE8}") = "src", "src", "{827E0CD3-B72D-47B6-A68D-7590B98EB39B}"
EndProject
Project("{2150E333-8FDC-42A3-9474-1A3956D46DE8}") = "Server", "Server", "{E6B48023-E680-40DA-9E17-319585C26937}"
EndProject
Project("{FAE04EC0-301F-11D3-BF4B-00C04F79EFBC}") = "GameNetManager.Server", "src\Server\GameNetManager.Server.csproj", "{2910897A-300E-40F0-B435-898D1C4E2CFA}"
EndProject
Project("{2150E333-8FDC-42A3-9474-1A3956D46DE8}") = "Shared", "Shared", "{C8E42992-5E42-0C2B-DBFE-AA848D06431C}"
EndProject
Project("{FAE04EC0-301F-11D3-BF4B-00C04F79EFBC}") = "GameNetManager.Shared", "src\Shared\GameNetManager.Shared.csproj", "{F4BFBEE1-3843-47DC-95CE-75BBB4EC9B21}"
EndProject
Project("{2150E333-8FDC-42A3-9474-1A3956D46DE8}") = "Client", "Client", "{C5A3B5EA-BE9F-76E5-E9B8-8A22B289B295}"
EndProject
Project("{FAE04EC0-301F-11D3-BF4B-00C04F79EFBC}") = "GameNetManager.Client", "src\Client\GameNetManager.Client.csproj", "{59F82BB4-72D9-4798-9A19-2FEF7834A16D}"
EndProject
Project("{2150E333-8FDC-42A3-9474-1A3956D46DE8}") = "tests", "tests", "{0AB3BF05-4346-4AA6-1389-037BE0695223}"
EndProject
Project("{2150E333-8FDC-42A3-9474-1A3956D46DE8}") = "Server.Tests", "Server.Tests", "{2658A44F-3F15-1A0A-07B1-CD5314E98FD2}"
EndProject
Project("{2150E333-8FDC-42A3-9474-1A3956D46DE8}") = "Client.Tests", "Client.Tests", "{D7A2C2D1-5A09-4EA4-BA8A-2C8D8E5C5D8A}"
EndProject
Project("{FAE04EC0-301F-11D3-BF4B-00C04F79EFBC}") = "GameNetManager.Client.Tests", "tests\Client.Tests\GameNetManager.Client.Tests.csproj", "{0E2D3C7B-9C5D-4DF0-AEF1-7FBAA68C4C16}"
EndProject
Project("{FAE04EC0-301F-11D3-BF4B-00C04F79EFBC}") = "GameNetManager.Server.Tests", "tests\Server.Tests\GameNetManager.Server.Tests.csproj", "{E5CF503D-2F59-43C2-A745-2731DC955716}"
EndProject
Global
	GlobalSection(SolutionConfigurationPlatforms) = preSolution
		Debug|Any CPU = Debug|Any CPU
		Debug|x64 = Debug|x64
		Debug|x86 = Debug|x86
		Release|Any CPU = Release|Any CPU
		Release|x64 = Release|x64
		Release|x86 = Release|x86
	EndGlobalSection
	GlobalSection(ProjectConfigurationPlatforms) = postSolution
		{2910897A-300E-40F0-B435-898D1C4E2CFA}.Debug|Any CPU.ActiveCfg = Debug|Any CPU
		{2910897A-300E-40F0-B435-898D1C4E2CFA}.Debug|Any CPU.Build.0 = Debug|Any CPU
		{2910897A-300E-40F0-B435-898D1C4E2CFA}.Debug|x64.ActiveCfg = Debug|Any CPU
		{2910897A-300E-40F0-B435-898D1C4E2CFA}.Debug|x64.Build.0 = Debug|Any CPU
		{2910897A-300E-40F0-B435-898D1C4E2CFA}.Debug|x86.ActiveCfg = Debug|Any CPU
		{2910897A-300E-40F0-B435-898D1C4E2CFA}.Debug|x86.Build.0 = Debug|Any CPU
		{2910897A-300E-40F0-B435-898D1C4E2CFA}.Release|Any CPU.ActiveCfg = Release|Any CPU
		{2910897A-300E-40F0-B435-898D1C4E2CFA}.Release|Any CPU.Build.0 = Release|Any CPU
		{2910897A-300E-40F0-B435-898D1C4E2CFA}.Release|x64.ActiveCfg = Release|Any CPU
		{2910897A-300E-40F0-B435-898D1C4E2CFA}.Release|x64.Build.0 = Release|Any CPU
		{2910897A-300E-40F0-B435-898D1C4E2CFA}.Release|x86.ActiveCfg = Release|Any CPU
		{2910897A-300E-40F0-B435-898D1C4E2CFA}.Release|x86.Build.0 = Release|Any CPU
		{F4BFBEE1-3843-47DC-95CE-75BBB4EC9B21}.Debug|Any CPU.ActiveCfg = Debug|Any CPU
		{F4BFBEE1-3843-47DC-95CE-75BBB4EC9B21}.Debug|Any CPU.Build.0 = Debug|Any CPU
		{F4BFBEE1-3843-47DC-95CE-75BBB4EC9B21}.Debug|x64.ActiveCfg = Debug|Any CPU
		{F4BFBEE1-3843-47DC-95CE-75BBB4EC9B21}.Debug|x64.Build.0 = Debug|Any CPU
		{F4BFBEE1-3843-47DC-95CE-75BBB4EC9B21}.Debug|x86.ActiveCfg = Debug|Any CPU
		{F4BFBEE1-3843-47DC-95CE-75BBB4EC9B21}.Debug|x86.Build.0 = Debug|Any CPU
		{F4BFBEE1-3843-47DC-95CE-75BBB4EC9B21}.Release|Any CPU.ActiveCfg = Release|Any CPU
		{F4BFBEE1-3843-47DC-95CE-75BBB4EC9B21}.Release|Any CPU.Build.0 = Release|Any CPU
		{F4BFBEE1-3843-47DC-95CE-75BBB4EC9B21}.Release|x64.ActiveCfg = Release|Any CPU
		{F4BFBEE1-3843-47DC-95CE-75BBB4EC9B21}.Release|x64.Build.0 = Release|Any CPU
		{F4BFBEE1-3843-47DC-95CE-75BBB4EC9B21}.Release|x86.ActiveCfg = Release|Any CPU
		{F4BFBEE1-3843-47DC-95CE-75BBB4EC9B21}.Release|x86.Build.0 = Release|Any CPU
		{59F82BB4-72D9-4798-9A19-2FEF7834A16D}.Debug|Any CPU.ActiveCfg = Debug|Any CPU
		{59F82BB4-72D9-4798-9A19-2FEF7834A16D}.Debug|Any CPU.Build.0 = Debug|Any CPU
		{59F82BB4-72D9-4798-9A19-2FEF7834A16D}.Debug|x64.ActiveCfg = Debug|Any CPU
		{59F82BB4-72D9-4798-9A19-2FEF7834A16D}.Debug|x64.Build.0 = Debug|Any CPU
		{59F82BB4-72D9-4798-9A19-2FEF7834A16D}.Debug|x86.ActiveCfg = Debug|Any CPU
		{59F82BB4-72D9-4798-9A19-2FEF7834A16D}.Debug|x86.Build.0 = Debug|Any CPU
		{59F82BB4-72D9-4798-9A19-2FEF7834A16D}.Release|Any CPU.ActiveCfg = Release|Any CPU
		{59F82BB4-72D9-4798-9A19-2FEF7834A16D}.Release|Any CPU.Build.0 = Release|Any CPU
		{59F82BB4-72D9-4798-9A19-2FEF7834A16D}.Release|x64.ActiveCfg = Release|Any CPU
		{59F82BB4-72D9-4798-9A19-2FEF7834A16D}.Release|x64.Build.0 = Release|Any CPU
		{59F82BB4-72D9-4798-9A19-2FEF7834A16D}.Release|x86.ActiveCfg = Release|Any CPU
		{59F82BB4-72D9-4798-9A19-2FEF7834A16D}.Release|x86.Build.0 = Release|Any CPU
		{E5CF503D-2F59-43C2-A745-2731DC955716}.Debug|Any CPU.ActiveCfg = Debug|Any CPU
		{E5CF503D-2F59-43C2-A745-2731DC955716}.Debug|Any CPU.Build.0 = Debug|Any CPU
		{E5CF503D-2F59-43C2-A745-2731DC955716}.Debug|x64.ActiveCfg = Debug|Any CPU
		{E5CF503D-2F59-43C2-A745-2731DC955716}.Debug|x64.Build.0 = Debug|Any CPU
		{E5CF503D-2F59-43C2-A745-2731DC955716}.Debug|x86.ActiveCfg = Debug|Any CPU
		{E5CF503D-2F59-43C2-A745-2731DC955716}.Debug|x86.Build.0 = Debug|Any CPU
		{E5CF503D-2F59-43C2-A745-2731DC955716}.Release|Any CPU.ActiveCfg = Release|Any CPU
		{E5CF503D-2F59-43C2-A745-2731DC955716}.Release|Any CPU.Build.0 = Release|Any CPU
		{E5CF503D-2F59-43C2-A745-2731DC955716}.Release|x64.ActiveCfg = Release|Any CPU
		{E5CF503D-2F59-43C2-A745-2731DC955716}.Release|x64.Build.0 = Release|Any CPU
		{E5CF503D-2F59-43C2-A745-2731DC955716}.Release|x86.ActiveCfg = Release|Any CPU
		{E5CF503D-2F59-43C2-A745-2731DC955716}.Release|x86.Build.0 = Release|Any CPU
		{0E2D3C7B-9C5D-4DF0-AEF1-7FBAA68C4C16}.Debug|Any CPU.ActiveCfg = Debug|Any CPU
		{0E2D3C7B-9C5D-4DF0-AEF1-7FBAA68C4C16}.Debug|Any CPU.Build.0 = Debug|Any CPU
		{0E2D3C7B-9C5D-4DF0-AEF1-7FBAA68C4C16}.Debug|x64.ActiveCfg = Debug|Any CPU
		{0E2D3C7B-9C5D-4DF0-AEF1-7FBAA68C4C16}.Debug|x64.Build.0 = Debug|Any CPU
		{0E2D3C7B-9C5D-4DF0-AEF1-7FBAA68C4C16}.Debug|x86.ActiveCfg = Debug|Any CPU
		{0E2D3C7B-9C5D-4DF0-AEF1-7FBAA68C4C16}.Debug|x86.Build.0 = Debug|Any CPU
		{0E2D3C7B-9C5D-4DF0-AEF1-7FBAA68C4C16}.Release|Any CPU.ActiveCfg = Release|Any CPU
		{0E2D3C7B-9C5D-4DF0-AEF1-7FBAA68C4C16}.Release|Any CPU.Build.0 = Release|Any CPU
		{0E2D3C7B-9C5D-4DF0-AEF1-7FBAA68C4C16}.Release|x64.ActiveCfg = Release|Any CPU
		{0E2D3C7B-9C5D-4DF0-AEF1-7FBAA68C4C16}.Release|x64.Build.0 = Release|Any CPU
		{0E2D3C7B-9C5D-4DF0-AEF1-7FBAA68C4C16}.Release|x86.ActiveCfg = Release|Any CPU
		{0E2D3C7B-9C5D-4DF0-AEF1-7FBAA68C4C16}.Release|x86.Build.0 = Release|Any CPU
	EndGlobalSection
	GlobalSection(SolutionProperties) = preSolution
		HideSolutionNode = FALSE
	EndGlobalSection
	GlobalSection(NestedProjects) = preSolution
		{E6B48023-E680-40DA-9E17-319585C26937} = {827E0CD3-B72D-47B6-A68D-7590B98EB39B}
		{2910897A-300E-40F0-B435-898D1C4E2CFA} = {E6B48023-E680-40DA-9E17-319585C26937}
		{C8E42992-5E42-0C2B-DBFE-AA848D06431C} = {827E0CD3-B72D-47B6-A68D-7590B98EB39B}
		{F4BFBEE1-3843-47DC-95CE-75BBB4EC9B21} = {C8E42992-5E42-0C2B-DBFE-AA848D06431C}
		{C5A3B5EA-BE9F-76E5-E9B8-8A22B289B295} = {827E0CD3-B72D-47B6-A68D-7590B98EB39B}
		{59F82BB4-72D9-4798-9A19-2FEF7834A16D} = {C5A3B5EA-BE9F-76E5-E9B8-8A22B289B295}
		{2658A44F-3F15-1A0A-07B1-CD5314E98FD2} = {0AB3BF05-4346-4AA6-1389-037BE0695223}
		{E5CF503D-2F59-43C2-A745-2731DC955716} = {2658A44F-3F15-1A0A-07B1-CD5314E98FD2}
		{D7A2C2D1-5A09-4EA4-BA8A-2C8D8E5C5D8A} = {0AB3BF05-4346-4AA6-1389-037BE0695223}
		{0E2D3C7B-9C5D-4DF0-AEF1-7FBAA68C4C16} = {D7A2C2D1-5A09-4EA4-BA8A-2C8D8E5C5D8A}
	EndGlobalSection
EndGlobal
